# Hash-locked release/CI environment verified from local wheel bytes on 2026-08-18.
# Target: CPython 3.14, Windows x86-64.
# Regenerate only from reviewed distributions; tools/release_provenance.py rejects
# drift from constraints-ci.txt and pyproject.toml.
--index-url https://pypi.org/simple/
--only-binary :all:
attrs==26.1.0 --hash=sha256:c647aa4a12dfbad9333ca4e71fe62ddc36f4e63b2d260a37a8b83d2f043ac309
build==1.5.0 --hash=sha256:13f3eecb844759ab66efec90ca17639bbf14dc06cb2fdf37a9010322d9c50a6f
colorama==0.4.6 --hash=sha256:4f1d9991f5acc0ca119f9d443620b77f9d6b33703e51011c16baf57afb285fc6
editables==0.6 --hash=sha256:d70e4698078a1d033e7786d9c64e5be070d058a67c21417024d38a58ac20aa43
hatchling==1.32.0 --hash=sha256:0e17c9c3b9aa7c625acc8d0f5b622f107d5049af9ecf5ada4de1aada5be7cdbc
iniconfig==2.3.0 --hash=sha256:f631c04d2c48c52b84d0d0549c99ff3859c98df65b3101406327ecc7d53fbf12
jsonschema==4.26.0 --hash=sha256:d489f15263b8d200f8387e64b4c3a75f06629559fb73deb8fdfb525f2dab50ce
jsonschema-specifications==2025.9.1 --hash=sha256:98802fee3a11ee76ecaca44429fda8a41bff98b00a0f2838151b113f210cc6fe
packaging==26.3 --hash=sha256:d7193f7c8e4e93f444fde0262bf90af30e16fa0ad0ad44cb553c87339b23cd1c
pathspec==1.1.1 --hash=sha256:a00ce642f577bf7f473932318056212bc4f8bfdf53128c78bbd5af0b9b20b189
pluggy==1.6.0 --hash=sha256:e920276dd6813095e9377c0bc5566d94c932c33b27a3e3945d8389c374dd4746
pygments==2.21.0 --hash=sha256:2363c69b61c4a97c838da3b130dcd6468f4848992b21a82f2a63ec34377137d9
pyproject-hooks==1.2.0 --hash=sha256:9e5c6bfa8dcc30091c74b0cf803c81fdd29d94f01992a7707bc97babb1141913
pytest==9.1.1 --hash=sha256:37a86b45efb9a47a61a36449063e8e18d0cab3161329fc099eb21783169c4f0c
referencing==0.37.0 --hash=sha256:381329a9f99628c9069361716891d34ad94af76e461dcb0335825aecc7692231
rpds-py==2026.6.3 --hash=sha256:0be972be84cfcaf46c8c6edf690ca0f154ac17babf1f6a955a51579b34ad2dc5
ruff==0.16.3 --hash=sha256:e80a7d69ca2a6d1c4d352ec91458cdca6e56c83cdbcabd93e4abe1e53591d948
tomlkit==0.15.1 --hash=sha256:177a05aece5a8ca5266fd3c448abb47b8d352f09d477d3ca8332db4d89b24304
trove-classifiers==2026.6.1.19 --hash=sha256:ab4c4ec93cc4a4e7815fa759906e05e6bb3f2fbd92ea0f897288c6a43efd15b3
yt-dlp==2026.7.4 --hash=sha256:f11f2b11d5a8ac4059f9bdf29fa4407dc7c6bb00c5097e95ca22a7a9db518266
